// !$*UTF8*$!
{
	archiveVersion = 1;
	classes = {
	};
	objectVersion = 46;
	objects = {

/* Begin PBXBuildFile section */
		307A80DE1E484993003C4749 /* AppDelegate.swift in Sources */ = {isa = PBXBuildFile; fileRef = 307A80DD1E484993003C4749 /* AppDelegate.swift */; };
		307A80E51E484993003C4749 /* Assets.xcassets in Resources */ = {isa = PBXBuildFile; fileRef = 307A80E41E484993003C4749 /* Assets.xcassets */; };
		30E044011E4B1B7300A58715 /* libc++.tbd in Frameworks */ = {isa = PBXBuildFile; fileRef = 30E044001E4B1B7300A58715 /* libc++.tbd */; };
		30E044031E4B1B7A00A58715 /* libz.tbd in Frameworks */ = {isa = PBXBuildFile; fileRef = 30E044021E4B1B7A00A58715 /* libz.tbd */; };
		30E044051E4B1B8B00A58715 /* libz.1.2.5.tbd in Frameworks */ = {isa = PBXBuildFile; fileRef = 30E044041E4B1B8B00A58715 /* libz.1.2.5.tbd */; };
		30E044071E4B1B9900A58715 /* libsqlite3.0.tbd in Frameworks */ = {isa = PBXBuildFile; fileRef = 30E044061E4B1B9900A58715 /* libsqlite3.0.tbd */; };
		30E0440F1E4B1BE500A58715 /* Accelerate.framework in Frameworks */ = {isa = PBXBuildFile; fileRef = 30E044081E4B1BE500A58715 /* Accelerate.framework */; };
		30E044101E4B1BE500A58715 /* CoreData.framework in Frameworks */ = {isa = PBXBuildFile; fileRef = 30E044091E4B1BE500A58715 /* CoreData.framework */; };
		30E044111E4B1BE500A58715 /* MessageUI.framework in Frameworks */ = {isa = PBXBuildFile; fileRef = 30E0440A1E4B1BE500A58715 /* MessageUI.framework */; };
		30E044121E4B1BE500A58715 /* MobileCoreServices.framework in Frameworks */ = {isa = PBXBuildFile; fileRef = 30E0440B1E4B1BE500A58715 /* MobileCoreServices.framework */; };
		30E044131E4B1BE500A58715 /* OpenGLES.framework in Frameworks */ = {isa = PBXBuildFile; fileRef = 30E0440C1E4B1BE500A58715 /* OpenGLES.framework */; };
		30E044141E4B1BE500A58715 /* QuartzCore.framework in Frameworks */ = {isa = PBXBuildFile; fileRef = 30E0440D1E4B1BE500A58715 /* QuartzCore.framework */; };
		30E044151E4B1BE500A58715 /* SystemConfiguration.framework in Frameworks */ = {isa = PBXBuildFile; fileRef = 30E0440E1E4B1BE500A58715 /* SystemConfiguration.framework */; };
		30EF96451E529968005933CC /* AdobeCreativeSDKCore.framework in Frameworks */ = {isa = PBXBuildFile; fileRef = 30EF96431E529968005933CC /* AdobeCreativeSDKCore.framework */; };
		30EF96461E529968005933CC /* AdobeCreativeSDKImage.framework in Frameworks */ = {isa = PBXBuildFile; fileRef = 30EF96441E529968005933CC /* AdobeCreativeSDKImage.framework */; };
		30EF964A1E529979005933CC /* Adobe-sdk-Info.plist in Resources */ = {isa = PBXBuildFile; fileRef = 30EF96471E529979005933CC /* Adobe-sdk-Info.plist */; };
		30EF964B1E529979005933CC /* GoogleService-Info.plist in Resources */ = {isa = PBXBuildFile; fileRef = 30EF96481E529979005933CC /* GoogleService-Info.plist */; };
		30EF966D1E529A0D005933CC /* AdobeCreativeSDKCore.framework in Embed Frameworks */ = {isa = PBXBuildFile; fileRef = 30EF96431E529968005933CC /* AdobeCreativeSDKCore.framework */; settings = {ATTRIBUTES = (CodeSignOnCopy, RemoveHeadersOnCopy, ); }; };
		30EF966F1E529A0D005933CC /* AdobeCreativeSDKImage.framework in Embed Frameworks */ = {isa = PBXBuildFile; fileRef = 30EF96441E529968005933CC /* AdobeCreativeSDKImage.framework */; settings = {ATTRIBUTES = (CodeSignOnCopy, RemoveHeadersOnCopy, ); }; };
		30FDE0A11E8A42900035DE78 /* PostPreviewView.swift in Sources */ = {isa = PBXBuildFile; fileRef = 30FDE0A01E8A42900035DE78 /* PostPreviewView.swift */; };
		9AFCBBAC1E598466007D881D /* Const.swift in Sources */ = {isa = PBXBuildFile; fileRef = 9AFCBBAA1E598466007D881D /* Const.swift */; };
		9AFCBBAD1E598466007D881D /* FirebaseObservingEventType.swift in Sources */ = {isa = PBXBuildFile; fileRef = 9AFCBBAB1E598466007D881D /* FirebaseObservingEventType.swift */; };
		9AFCBBB21E59846F007D881D /* CommentTableViewCell.swift in Sources */ = {isa = PBXBuildFile; fileRef = 9AFCBBAE1E59846F007D881D /* CommentTableViewCell.swift */; };
		9AFCBBB31E59846F007D881D /* CommentTableViewCell.xib in Resources */ = {isa = PBXBuildFile; fileRef = 9AFCBBAF1E59846F007D881D /* CommentTableViewCell.xib */; };
		9AFCBBB41E59846F007D881D /* PostTableViewCell.swift in Sources */ = {isa = PBXBuildFile; fileRef = 9AFCBBB01E59846F007D881D /* PostTableViewCell.swift */; };
		9AFCBBB51E59846F007D881D /* PostTableViewCell.xib in Resources */ = {isa = PBXBuildFile; fileRef = 9AFCBBB11E59846F007D881D /* PostTableViewCell.xib */; };
		9AFCBBB81E598478007D881D /* Comment.swift in Sources */ = {isa = PBXBuildFile; fileRef = 9AFCBBB61E598478007D881D /* Comment.swift */; };
		9AFCBBB91E598478007D881D /* PostData.swift in Sources */ = {isa = PBXBuildFile; fileRef = 9AFCBBB71E598478007D881D /* PostData.swift */; };
		9AFCBBC21E598480007D881D /* CommentBaseViewController.swift in Sources */ = {isa = PBXBuildFile; fileRef = 9AFCBBBA1E598480007D881D /* CommentBaseViewController.swift */; };
		9AFCBBC31E598480007D881D /* HomeViewController.swift in Sources */ = {isa = PBXBuildFile; fileRef = 9AFCBBBB1E598480007D881D /* HomeViewController.swift */; };
		9AFCBBC41E598480007D881D /* ImageSelectViewController.swift in Sources */ = {isa = PBXBuildFile; fileRef = 9AFCBBBC1E598480007D881D /* ImageSelectViewController.swift */; };
		9AFCBBC51E598480007D881D /* LoginViewController.swift in Sources */ = {isa = PBXBuildFile; fileRef = 9AFCBBBD1E598480007D881D /* LoginViewController.swift */; };
		9AFCBBC61E598480007D881D /* PostDetailViewController.swift in Sources */ = {isa = PBXBuildFile; fileRef = 9AFCBBBE1E598480007D881D /* PostDetailViewController.swift */; };
		9AFCBBC71E598480007D881D /* PostViewController.swift in Sources */ = {isa = PBXBuildFile; fileRef = 9AFCBBBF1E598480007D881D /* PostViewController.swift */; };
		9AFCBBC81E598480007D881D /* SettingViewController.swift in Sources */ = {isa = PBXBuildFile; fileRef = 9AFCBBC01E598480007D881D /* SettingViewController.swift */; };
		9AFCBBC91E598480007D881D /* ViewController.swift in Sources */ = {isa = PBXBuildFile; fileRef = 9AFCBBC11E598480007D881D /* ViewController.swift */; };
		9AFCBBCE1E5984BD007D881D /* LaunchScreen.storyboard in Resources */ = {isa = PBXBuildFile; fileRef = 9AFCBBCA1E5984BD007D881D /* LaunchScreen.storyboard */; };
		9AFCBBCF1E5984BD007D881D /* Main.storyboard in Resources */ = {isa = PBXBuildFile; fileRef = 9AFCBBCC1E5984BD007D881D /* Main.storyboard */; };
		C39BC7EB5AC33A08AEF5F8EB /* Pods_Instagram.framework in Frameworks */ = {isa = PBXBuildFile; fileRef = 672322E55F73E37614476252 /* Pods_Instagram.framework */; };
/* End PBXBuildFile section */

/* Begin PBXCopyFilesBuildPhase section */
		30E043FF1E4B1B3600A58715 /* Embed Frameworks */ = {
			isa = PBXCopyFilesBuildPhase;
			buildActionMask = 2147483647;
			dstPath = "";
			dstSubfolderSpec = 10;
			files = (
				30EF966F1E529A0D005933CC /* AdobeCreativeSDKImage.framework in Embed Frameworks */,
				30EF966D1E529A0D005933CC /* AdobeCreativeSDKCore.framework in Embed Frameworks */,
			);
			name = "Embed Frameworks";
			runOnlyForDeploymentPostprocessing = 0;
		};
/* End PBXCopyFilesBuildPhase section */

/* Begin PBXFileReference section */
		3079AAFC1E52A3F500E6AD29 /* Info.plist */ = {isa = PBXFileReference; fileEncoding = 4; lastKnownFileType = text.plist.xml; path = Info.plist; sourceTree = "<group>"; };
		307A80DA1E484993003C4749 /* Instagram.app */ = {isa = PBXFileReference; explicitFileType = wrapper.application; includeInIndex = 0; path = Instagram.app; sourceTree = BUILT_PRODUCTS_DIR; };
		307A80DD1E484993003C4749 /* AppDelegate.swift */ = {isa = PBXFileReference; lastKnownFileType = sourcecode.swift; path = AppDelegate.swift; sourceTree = "<group>"; };
		307A80E41E484993003C4749 /* Assets.xcassets */ = {isa = PBXFileReference; lastKnownFileType = folder.assetcatalog; path = Assets.xcassets; sourceTree = "<group>"; };
		30E044001E4B1B7300A58715 /* libc++.tbd */ = {isa = PBXFileReference; lastKnownFileType = "sourcecode.text-based-dylib-definition"; name = "libc++.tbd"; path = "usr/lib/libc++.tbd"; sourceTree = SDKROOT; };
		30E044021E4B1B7A00A58715 /* libz.tbd */ = {isa = PBXFileReference; lastKnownFileType = "sourcecode.text-based-dylib-definition"; name = libz.tbd; path = usr/lib/libz.tbd; sourceTree = SDKROOT; };
		30E044041E4B1B8B00A58715 /* libz.1.2.5.tbd */ = {isa = PBXFileReference; lastKnownFileType = "sourcecode.text-based-dylib-definition"; name = libz.1.2.5.tbd; path = usr/lib/libz.1.2.5.tbd; sourceTree = SDKROOT; };
		30E044061E4B1B9900A58715 /* libsqlite3.0.tbd */ = {isa = PBXFileReference; lastKnownFileType = "sourcecode.text-based-dylib-definition"; name = libsqlite3.0.tbd; path = usr/lib/libsqlite3.0.tbd; sourceTree = SDKROOT; };
		30E044081E4B1BE500A58715 /* Accelerate.framework */ = {isa = PBXFileReference; lastKnownFileType = wrapper.framework; name = Accelerate.framework; path = System/Library/Frameworks/Accelerate.framework; sourceTree = SDKROOT; };
		30E044091E4B1BE500A58715 /* CoreData.framework */ = {isa = PBXFileReference; lastKnownFileType = wrapper.framework; name = CoreData.framework; path = System/Library/Frameworks/CoreData.framework; sourceTree = SDKROOT; };
		30E0440A1E4B1BE500A58715 /* MessageUI.framework */ = {isa = PBXFileReference; lastKnownFileType = wrapper.framework; name = MessageUI.framework; path = System/Library/Frameworks/MessageUI.framework; sourceTree = SDKROOT; };
		30E0440B1E4B1BE500A58715 /* MobileCoreServices.framework */ = {isa = PBXFileReference; lastKnownFileType = wrapper.framework; name = MobileCoreServices.framework; path = System/Library/Frameworks/MobileCoreServices.framework; sourceTree = SDKROOT; };
		30E0440C1E4B1BE500A58715 /* OpenGLES.framework */ = {isa = PBXFileReference; lastKnownFileType = wrapper.framework; name = OpenGLES.framework; path = System/Library/Frameworks/OpenGLES.framework; sourceTree = SDKROOT; };
		30E0440D1E4B1BE500A58715 /* QuartzCore.framework */ = {isa = PBXFileReference; lastKnownFileType = wrapper.framework; name = QuartzCore.framework; path = System/Library/Frameworks/QuartzCore.framework; sourceTree = SDKROOT; };
		30E0440E1E4B1BE500A58715 /* SystemConfiguration.framework */ = {isa = PBXFileReference; lastKnownFileType = wrapper.framework; name = SystemConfiguration.framework; path = System/Library/Frameworks/SystemConfiguration.framework; sourceTree = SDKROOT; };
		30EF96421E529958005933CC /* Instagram-Bridging-Header.h */ = {isa = PBXFileReference; fileEncoding = 4; lastKnownFileType = sourcecode.c.h; path = "Instagram-Bridging-Header.h"; sourceTree = "<group>"; };
		30EF96431E529968005933CC /* AdobeCreativeSDKCore.framework */ = {isa = PBXFileReference; lastKnownFileType = wrapper.framework; path = AdobeCreativeSDKCore.framework; sourceTree = "<group>"; };
		30EF96441E529968005933CC /* AdobeCreativeSDKImage.framework */ = {isa = PBXFileReference; lastKnownFileType = wrapper.framework; path = AdobeCreativeSDKImage.framework; sourceTree = "<group>"; };
		30EF96471E529979005933CC /* Adobe-sdk-Info.plist */ = {isa = PBXFileReference; fileEncoding = 4; lastKnownFileType = text.plist.xml; path = "Adobe-sdk-Info.plist"; sourceTree = "<group>"; };
		30EF96481E529979005933CC /* GoogleService-Info.plist */ = {isa = PBXFileReference; fileEncoding = 4; lastKnownFileType = text.plist.xml; path = "GoogleService-Info.plist"; sourceTree = "<group>"; };
		30FDE0A01E8A42900035DE78 /* PostPreviewView.swift */ = {isa = PBXFileReference; fileEncoding = 4; lastKnownFileType = sourcecode.swift; path = PostPreviewView.swift; sourceTree = "<group>"; };
		672322E55F73E37614476252 /* Pods_Instagram.framework */ = {isa = PBXFileReference; explicitFileType = wrapper.framework; includeInIndex = 0; path = Pods_Instagram.framework; sourceTree = BUILT_PRODUCTS_DIR; };
		9AFCBBAA1E598466007D881D /* Const.swift */ = {isa = PBXFileReference; fileEncoding = 4; lastKnownFileType = sourcecode.swift; path = Const.swift; sourceTree = "<group>"; };
		9AFCBBAB1E598466007D881D /* FirebaseObservingEventType.swift */ = {isa = PBXFileReference; fileEncoding = 4; lastKnownFileType = sourcecode.swift; path = FirebaseObservingEventType.swift; sourceTree = "<group>"; };
		9AFCBBAE1E59846F007D881D /* CommentTableViewCell.swift */ = {isa = PBXFileReference; fileEncoding = 4; lastKnownFileType = sourcecode.swift; path = CommentTableViewCell.swift; sourceTree = "<group>"; };
		9AFCBBAF1E59846F007D881D /* CommentTableViewCell.xib */ = {isa = PBXFileReference; fileEncoding = 4; lastKnownFileType = file.xib; path = CommentTableViewCell.xib; sourceTree = "<group>"; };
		9AFCBBB01E59846F007D881D /* PostTableViewCell.swift */ = {isa = PBXFileReference; fileEncoding = 4; lastKnownFileType = sourcecode.swift; path = PostTableViewCell.swift; sourceTree = "<group>"; };
		9AFCBBB11E59846F007D881D /* PostTableViewCell.xib */ = {isa = PBXFileReference; fileEncoding = 4; lastKnownFileType = file.xib; path = PostTableViewCell.xib; sourceTree = "<group>"; };
		9AFCBBB61E598478007D881D /* Comment.swift */ = {isa = PBXFileReference; fileEncoding = 4; lastKnownFileType = sourcecode.swift; path = Comment.swift; sourceTree = "<group>"; };
		9AFCBBB71E598478007D881D /* PostData.swift */ = {isa = PBXFileReference; fileEncoding = 4; lastKnownFileType = sourcecode.swift; path = PostData.swift; sourceTree = "<group>"; };
		9AFCBBBA1E598480007D881D /* CommentBaseViewController.swift */ = {isa = PBXFileReference; fileEncoding = 4; lastKnownFileType = sourcecode.swift; path = CommentBaseViewController.swift; sourceTree = "<group>"; };
		9AFCBBBB1E598480007D881D /* HomeViewController.swift */ = {isa = PBXFileReference; fileEncoding = 4; lastKnownFileType = sourcecode.swift; path = HomeViewController.swift; sourceTree = "<group>"; };
		9AFCBBBC1E598480007D881D /* ImageSelectViewController.swift */ = {isa = PBXFileReference; fileEncoding = 4; lastKnownFileType = sourcecode.swift; path = ImageSelectViewController.swift; sourceTree = "<group>"; };
		9AFCBBBD1E598480007D881D /* LoginViewController.swift */ = {isa = PBXFileReference; fileEncoding = 4; lastKnownFileType = sourcecode.swift; path = LoginViewController.swift; sourceTree = "<group>"; };
		9AFCBBBE1E598480007D881D /* PostDetailViewController.swift */ = {isa = PBXFileReference; fileEncoding = 4; lastKnownFileType = sourcecode.swift; path = PostDetailViewController.swift; sourceTree = "<group>"; };
		9AFCBBBF1E598480007D881D /* PostViewController.swift */ = {isa = PBXFileReference; fileEncoding = 4; lastKnownFileType = sourcecode.swift; path = PostViewController.swift; sourceTree = "<group>"; };
		9AFCBBC01E598480007D881D /* SettingViewController.swift */ = {isa = PBXFileReference; fileEncoding = 4; lastKnownFileType = sourcecode.swift; path = SettingViewController.swift; sourceTree = "<group>"; };
		9AFCBBC11E598480007D881D /* ViewController.swift */ = {isa = PBXFileReference; fileEncoding = 4; lastKnownFileType = sourcecode.swift; path = ViewController.swift; sourceTree = "<group>"; };
		9AFCBBCB1E5984BD007D881D /* Base */ = {isa = PBXFileReference; lastKnownFileType = file.storyboard; name = Base; path = Base.lproj/LaunchScreen.storyboard; sourceTree = "<group>"; };
		9AFCBBCD1E5984BD007D881D /* Base */ = {isa = PBXFileReference; lastKnownFileType = file.storyboard; name = Base; path = Base.lproj/Main.storyboard; sourceTree = "<group>"; };
		AB1006C1DC2620374DDF3809 /* Pods-Instagram.release.xcconfig */ = {isa = PBXFileReference; includeInIndex = 1; lastKnownFileType = text.xcconfig; name = "Pods-Instagram.release.xcconfig"; path = "Pods/Target Support Files/Pods-Instagram/Pods-Instagram.release.xcconfig"; sourceTree = "<group>"; };
		E808B1E56FC1E672AF8A415D /* Pods-Instagram.debug.xcconfig */ = {isa = PBXFileReference; includeInIndex = 1; lastKnownFileType = text.xcconfig; name = "Pods-Instagram.debug.xcconfig"; path = "Pods/Target Support Files/Pods-Instagram/Pods-Instagram.debug.xcconfig"; sourceTree = "<group>"; };
/* End PBXFileReference section */

/* Begin PBXFrameworksBuildPhase section */
		307A80D71E484993003C4749 /* Frameworks */ = {
			isa = PBXFrameworksBuildPhase;
			buildActionMask = 2147483647;
			files = (
				30E0440F1E4B1BE500A58715 /* Accelerate.framework in Frameworks */,
				30E044101E4B1BE500A58715 /* CoreData.framework in Frameworks */,
				30E044111E4B1BE500A58715 /* MessageUI.framework in Frameworks */,
				30E044121E4B1BE500A58715 /* MobileCoreServices.framework in Frameworks */,
				30E044131E4B1BE500A58715 /* OpenGLES.framework in Frameworks */,
				30E044141E4B1BE500A58715 /* QuartzCore.framework in Frameworks */,
				30E044151E4B1BE500A58715 /* SystemConfiguration.framework in Frameworks */,
				30E044071E4B1B9900A58715 /* libsqlite3.0.tbd in Frameworks */,
				30E044051E4B1B8B00A58715 /* libz.1.2.5.tbd in Frameworks */,
				30E044031E4B1B7A00A58715 /* libz.tbd in Frameworks */,
				30E044011E4B1B7300A58715 /* libc++.tbd in Frameworks */,
				C39BC7EB5AC33A08AEF5F8EB /* Pods_Instagram.framework in Frameworks */,
				30EF96451E529968005933CC /* AdobeCreativeSDKCore.framework in Frameworks */,
				30EF96461E529968005933CC /* AdobeCreativeSDKImage.framework in Frameworks */,
			);
			runOnlyForDeploymentPostprocessing = 0;
		};
/* End PBXFrameworksBuildPhase section */

/* Begin PBXGroup section */
		307A80D11E484993003C4749 = {
			isa = PBXGroup;
			children = (
				307A80DC1E484993003C4749 /* Instagram */,
				307A80DB1E484993003C4749 /* Products */,
				97BCE9FADBD1C24BC034CAC6 /* Pods */,
				AF473329D9F90F8B1687E382 /* Frameworks */,
			);
			sourceTree = "<group>";
		};
		307A80DB1E484993003C4749 /* Products */ = {
			isa = PBXGroup;
			children = (
				307A80DA1E484993003C4749 /* Instagram.app */,
			);
			name = Products;
			sourceTree = "<group>";
		};
		307A80DC1E484993003C4749 /* Instagram */ = {
			isa = PBXGroup;
			children = (
				3079AAFC1E52A3F500E6AD29 /* Info.plist */,
				30EF96411E52992F005933CC /* Header */,
				30EF96401E52991B005933CC /* AdobeSDK */,
				30EF963F1E52990C005933CC /* Plist */,
				30EF963E1E52959E005933CC /* Storyboard */,
				30EF963D1E529592005933CC /* Const */,
				30EF963C1E52956B005933CC /* View */,
				30EF963B1E52955B005933CC /* Model */,
				30EF963A1E529466005933CC /* ViewController */,
				307A80DD1E484993003C4749 /* AppDelegate.swift */,
				307A80E41E484993003C4749 /* Assets.xcassets */,
			);
			path = Instagram;
			sourceTree = "<group>";
		};
		30EF963A1E529466005933CC /* ViewController */ = {
			isa = PBXGroup;
			children = (
				9AFCBBBA1E598480007D881D /* CommentBaseViewController.swift */,
				9AFCBBBB1E598480007D881D /* HomeViewController.swift */,
				9AFCBBBC1E598480007D881D /* ImageSelectViewController.swift */,
				9AFCBBBD1E598480007D881D /* LoginViewController.swift */,
				9AFCBBBE1E598480007D881D /* PostDetailViewController.swift */,
				9AFCBBBF1E598480007D881D /* PostViewController.swift */,
				9AFCBBC01E598480007D881D /* SettingViewController.swift */,
				9AFCBBC11E598480007D881D /* ViewController.swift */,
			);
			path = ViewController;
			sourceTree = "<group>";
		};
		30EF963B1E52955B005933CC /* Model */ = {
			isa = PBXGroup;
			children = (
				9AFCBBB61E598478007D881D /* Comment.swift */,
				9AFCBBB71E598478007D881D /* PostData.swift */,
			);
			path = Model;
			sourceTree = "<group>";
		};
		30EF963C1E52956B005933CC /* View */ = {
			isa = PBXGroup;
			children = (
				9AFCBBAE1E59846F007D881D /* CommentTableViewCell.swift */,
				9AFCBBAF1E59846F007D881D /* CommentTableViewCell.xib */,
				9AFCBBB01E59846F007D881D /* PostTableViewCell.swift */,
				9AFCBBB11E59846F007D881D /* PostTableViewCell.xib */,
				30FDE0A01E8A42900035DE78 /* PostPreviewView.swift */,
			);
			path = View;
			sourceTree = "<group>";
		};
		30EF963D1E529592005933CC /* Const */ = {
			isa = PBXGroup;
			children = (
				9AFCBBAA1E598466007D881D /* Const.swift */,
				9AFCBBAB1E598466007D881D /* FirebaseObservingEventType.swift */,
			);
			path = Const;
			sourceTree = "<group>";
		};
		30EF963E1E52959E005933CC /* Storyboard */ = {
			isa = PBXGroup;
			children = (
				9AFCBBCA1E5984BD007D881D /* LaunchScreen.storyboard */,
				9AFCBBCC1E5984BD007D881D /* Main.storyboard */,
			);
			path = Storyboard;
			sourceTree = "<group>";
		};
		30EF963F1E52990C005933CC /* Plist */ = {
			isa = PBXGroup;
			children = (
				30EF96471E529979005933CC /* Adobe-sdk-Info.plist */,
				30EF96481E529979005933CC /* GoogleService-Info.plist */,
			);
			path = Plist;
			sourceTree = "<group>";
		};
		30EF96401E52991B005933CC /* AdobeSDK */ = {
			isa = PBXGroup;
			children = (
				30EF96431E529968005933CC /* AdobeCreativeSDKCore.framework */,
				30EF96441E529968005933CC /* AdobeCreativeSDKImage.framework */,
			);
			path = AdobeSDK;
			sourceTree = "<group>";
		};
		30EF96411E52992F005933CC /* Header */ = {
			isa = PBXGroup;
			children = (
				30EF96421E529958005933CC /* Instagram-Bridging-Header.h */,
			);
			path = Header;
			sourceTree = "<group>";
		};
		97BCE9FADBD1C24BC034CAC6 /* Pods */ = {
			isa = PBXGroup;
			children = (
				E808B1E56FC1E672AF8A415D /* Pods-Instagram.debug.xcconfig */,
				AB1006C1DC2620374DDF3809 /* Pods-Instagram.release.xcconfig */,
			);
			name = Pods;
			sourceTree = "<group>";
		};
		AF473329D9F90F8B1687E382 /* Frameworks */ = {
			isa = PBXGroup;
			children = (
				30E044081E4B1BE500A58715 /* Accelerate.framework */,
				30E044091E4B1BE500A58715 /* CoreData.framework */,
				30E0440A1E4B1BE500A58715 /* MessageUI.framework */,
				30E0440B1E4B1BE500A58715 /* MobileCoreServices.framework */,
				30E0440C1E4B1BE500A58715 /* OpenGLES.framework */,
				30E0440D1E4B1BE500A58715 /* QuartzCore.framework */,
				30E0440E1E4B1BE500A58715 /* SystemConfiguration.framework */,
				30E044061E4B1B9900A58715 /* libsqlite3.0.tbd */,
				30E044041E4B1B8B00A58715 /* libz.1.2.5.tbd */,
				30E044021E4B1B7A00A58715 /* libz.tbd */,
				30E044001E4B1B7300A58715 /* libc++.tbd */,
				672322E55F73E37614476252 /* Pods_Instagram.framework */,
			);
			name = Frameworks;
			sourceTree = "<group>";
		};
/* End PBXGroup section */

/* Begin PBXNativeTarget section */
		307A80D91E484993003C4749 /* Instagram */ = {
			isa = PBXNativeTarget;
			buildConfigurationList = 307A80EC1E484993003C4749 /* Build configuration list for PBXNativeTarget "Instagram" */;
			buildPhases = (
				9748DFE027F9D56F825013BD /* [CP] Check Pods Manifest.lock */,
				307A80D61E484993003C4749 /* Sources */,
				307A80D71E484993003C4749 /* Frameworks */,
				307A80D81E484993003C4749 /* Resources */,
				8BD9C4710DDBE19574E4E5AB /* [CP] Embed Pods Frameworks */,
				A3D32160E8214F3F6035AA6D /* [CP] Copy Pods Resources */,
				30E043FF1E4B1B3600A58715 /* Embed Frameworks */,
				30E044161E4B1C1800A58715 /* ShellScript */,
			);
			buildRules = (
			);
			dependencies = (
			);
			name = Instagram;
			productName = Instagram;
			productReference = 307A80DA1E484993003C4749 /* Instagram.app */;
			productType = "com.apple.product-type.application";
		};
/* End PBXNativeTarget section */

/* Begin PBXProject section */
		307A80D21E484993003C4749 /* Project object */ = {
			isa = PBXProject;
			attributes = {
				LastSwiftUpdateCheck = 0820;
				LastUpgradeCheck = 0820;
				ORGANIZATIONNAME = "土井大平";
				TargetAttributes = {
					307A80D91E484993003C4749 = {
						CreatedOnToolsVersion = 8.2.1;
						DevelopmentTeam = V2XAW96KT6;
						ProvisioningStyle = Automatic;
					};
				};
			};
			buildConfigurationList = 307A80D51E484993003C4749 /* Build configuration list for PBXProject "Instagram" */;
			compatibilityVersion = "Xcode 3.2";
			developmentRegion = English;
			hasScannedForEncodings = 0;
			knownRegions = (
				en,
				Base,
			);
			mainGroup = 307A80D11E484993003C4749;
			productRefGroup = 307A80DB1E484993003C4749 /* Products */;
			projectDirPath = "";
			projectRoot = "";
			targets = (
				307A80D91E484993003C4749 /* Instagram */,
			);
		};
/* End PBXProject section */

/* Begin PBXResourcesBuildPhase section */
		307A80D81E484993003C4749 /* Resources */ = {
			isa = PBXResourcesBuildPhase;
			buildActionMask = 2147483647;
			files = (
				9AFCBBCF1E5984BD007D881D /* Main.storyboard in Resources */,
				9AFCBBB31E59846F007D881D /* CommentTableViewCell.xib in Resources */,
				30EF964B1E529979005933CC /* GoogleService-Info.plist in Resources */,
				9AFCBBB51E59846F007D881D /* PostTableViewCell.xib in Resources */,
				9AFCBBCE1E5984BD007D881D /* LaunchScreen.storyboard in Resources */,
				30EF964A1E529979005933CC /* Adobe-sdk-Info.plist in Resources */,
				307A80E51E484993003C4749 /* Assets.xcassets in Resources */,
			);
			runOnlyForDeploymentPostprocessing = 0;
		};
/* End PBXResourcesBuildPhase section */

/* Begin PBXShellScriptBuildPhase section */
		30E044161E4B1C1800A58715 /* ShellScript */ = {
			isa = PBXShellScriptBuildPhase;
			buildActionMask = 2147483647;
			files = (
			);
			inputPaths = (
			);
			outputPaths = (
			);
			runOnlyForDeploymentPostprocessing = 0;
			shellPath = /bin/sh;
			shellScript = "bash \"${BUILT_PRODUCTS_DIR}/${FRAMEWORKS_FOLDER_PATH}/AdobeCreativeSDKCore.framework/strip-frameworks.sh\"";
		};
		8BD9C4710DDBE19574E4E5AB /* [CP] Embed Pods Frameworks */ = {
			isa = PBXShellScriptBuildPhase;
			buildActionMask = 2147483647;
			files = (
			);
			inputPaths = (
			);
			name = "[CP] Embed Pods Frameworks";
			outputPaths = (
			);
			runOnlyForDeploymentPostprocessing = 0;
			shellPath = /bin/sh;
			shellScript = "\"${SRCROOT}/Pods/Target Support Files/Pods-Instagram/Pods-Instagram-frameworks.sh\"\n";
			showEnvVarsInLog = 0;
		};
		9748DFE027F9D56F825013BD /* [CP] Check Pods Manifest.lock */ = {
			isa = PBXShellScriptBuildPhase;
			buildActionMask = 2147483647;
			files = (
			);
			inputPaths = (
			);
			name = "[CP] Check Pods Manifest.lock";
			outputPaths = (
			);
			runOnlyForDeploymentPostprocessing = 0;
			shellPath = /bin/sh;
			shellScript = "diff \"${PODS_ROOT}/../Podfile.lock\" \"${PODS_ROOT}/Manifest.lock\" > /dev/null\nif [ $? != 0 ] ; then\n    # print error to STDERR\n    echo \"error: The sandbox is not in sync with the Podfile.lock. Run 'pod install' or update your CocoaPods installation.\" >&2\n    exit 1\nfi\n";
			showEnvVarsInLog = 0;
		};
		A3D32160E8214F3F6035AA6D /* [CP] Copy Pods Resources */ = {
			isa = PBXShellScriptBuildPhase;
			buildActionMask = 2147483647;
			files = (
			);
			inputPaths = (
			);
			name = "[CP] Copy Pods Resources";
			outputPaths = (
			);
			runOnlyForDeploymentPostprocessing = 0;
			shellPath = /bin/sh;
			shellScript = "\"${SRCROOT}/Pods/Target Support Files/Pods-Instagram/Pods-Instagram-resources.sh\"\n";
			showEnvVarsInLog = 0;
		};
/* End PBXShellScriptBuildPhase section */

/* Begin PBXSourcesBuildPhase section */
		307A80D61E484993003C4749 /* Sources */ = {
			isa = PBXSourcesBuildPhase;
			buildActionMask = 2147483647;
			files = (
				9AFCBBC91E598480007D881D /* ViewController.swift in Sources */,
				9AFCBBAD1E598466007D881D /* FirebaseObservingEventType.swift in Sources */,
				9AFCBBC61E598480007D881D /* PostDetailViewController.swift in Sources */,
				30FDE0A11E8A42900035DE78 /* PostPreviewView.swift in Sources */,
				9AFCBBB81E598478007D881D /* Comment.swift in Sources */,
				9AFCBBC71E598480007D881D /* PostViewController.swift in Sources */,
				307A80DE1E484993003C4749 /* AppDelegate.swift in Sources */,
				9AFCBBC81E598480007D881D /* SettingViewController.swift in Sources */,
				9AFCBBB41E59846F007D881D /* PostTableViewCell.swift in Sources */,
				9AFCBBAC1E598466007D881D /* Const.swift in Sources */,
				9AFCBBC31E598480007D881D /* HomeViewController.swift in Sources */,
				9AFCBBB91E598478007D881D /* PostData.swift in Sources */,
				9AFCBBB21E59846F007D881D /* CommentTableViewCell.swift in Sources */,
				9AFCBBC41E598480007D881D /* ImageSelectViewController.swift in Sources */,
				9AFCBBC21E598480007D881D /* CommentBaseViewController.swift in Sources */,
				9AFCBBC51E598480007D881D /* LoginViewController.swift in Sources */,
			);
			runOnlyForDeploymentPostprocessing = 0;
		};
/* End PBXSourcesBuildPhase section */

/* Begin PBXVariantGroup section */
		9AFCBBCA1E5984BD007D881D /* LaunchScreen.storyboard */ = {
			isa = PBXVariantGroup;
			children = (
				9AFCBBCB1E5984BD007D881D /* Base */,
			);
			name = LaunchScreen.storyboard;
			sourceTree = "<group>";
		};
		9AFCBBCC1E5984BD007D881D /* Main.storyboard */ = {
			isa = PBXVariantGroup;
			children = (
				9AFCBBCD1E5984BD007D881D /* Base */,
			);
			name = Main.storyboard;
			sourceTree = "<group>";
		};
/* End PBXVariantGroup section */

/* Begin XCBuildConfiguration section */
		307A80EA1E484993003C4749 /* Debug */ = {
			isa = XCBuildConfiguration;
			buildSettings = {
				ALWAYS_SEARCH_USER_PATHS = NO;
				CLANG_ANALYZER_NONNULL = YES;
				CLANG_CXX_LANGUAGE_STANDARD = "gnu++0x";
				CLANG_CXX_LIBRARY = "libc++";
				CLANG_ENABLE_MODULES = YES;
				CLANG_ENABLE_OBJC_ARC = YES;
				CLANG_WARN_BOOL_CONVERSION = YES;
				CLANG_WARN_CONSTANT_CONVERSION = YES;
				CLANG_WARN_DIRECT_OBJC_ISA_USAGE = YES_ERROR;
				CLANG_WARN_DOCUMENTATION_COMMENTS = YES;
				CLANG_WARN_EMPTY_BODY = YES;
				CLANG_WARN_ENUM_CONVERSION = YES;
				CLANG_WARN_INFINITE_RECURSION = YES;
				CLANG_WARN_INT_CONVERSION = YES;
				CLANG_WARN_OBJC_ROOT_CLASS = YES_ERROR;
				CLANG_WARN_SUSPICIOUS_MOVE = YES;
				CLANG_WARN_UNREACHABLE_CODE = YES;
				CLANG_WARN__DUPLICATE_METHOD_MATCH = YES;
				"CODE_SIGN_IDENTITY[sdk=iphoneos*]" = "iPhone Developer";
				COPY_PHASE_STRIP = NO;
				DEBUG_INFORMATION_FORMAT = dwarf;
				ENABLE_STRICT_OBJC_MSGSEND = YES;
				ENABLE_TESTABILITY = YES;
				GCC_C_LANGUAGE_STANDARD = gnu99;
				GCC_DYNAMIC_NO_PIC = NO;
				GCC_NO_COMMON_BLOCKS = YES;
				GCC_OPTIMIZATION_LEVEL = 0;
				GCC_PREPROCESSOR_DEFINITIONS = (
					"DEBUG=1",
					"$(inherited)",
				);
				GCC_WARN_64_TO_32_BIT_CONVERSION = YES;
				GCC_WARN_ABOUT_RETURN_TYPE = YES_ERROR;
				GCC_WARN_UNDECLARED_SELECTOR = YES;
				GCC_WARN_UNINITIALIZED_AUTOS = YES_AGGRESSIVE;
				GCC_WARN_UNUSED_FUNCTION = YES;
				GCC_WARN_UNUSED_VARIABLE = YES;
				IPHONEOS_DEPLOYMENT_TARGET = 10.2;
				MTL_ENABLE_DEBUG_INFO = YES;
				ONLY_ACTIVE_ARCH = YES;
				SDKROOT = iphoneos;
				SWIFT_ACTIVE_COMPILATION_CONDITIONS = DEBUG;
				SWIFT_OPTIMIZATION_LEVEL = "-Onone";
			};
			name = Debug;
		};
		307A80EB1E484993003C4749 /* Release */ = {
			isa = XCBuildConfiguration;
			buildSettings = {
				ALWAYS_SEARCH_USER_PATHS = NO;
				CLANG_ANALYZER_NONNULL = YES;
				CLANG_CXX_LANGUAGE_STANDARD = "gnu++0x";
				CLANG_CXX_LIBRARY = "libc++";
				CLANG_ENABLE_MODULES = YES;
				CLANG_ENABLE_OBJC_ARC = YES;
				CLANG_WARN_BOOL_CONVERSION = YES;
				CLANG_WARN_CONSTANT_CONVERSION = YES;
				CLANG_WARN_DIRECT_OBJC_ISA_USAGE = YES_ERROR;
				CLANG_WARN_DOCUMENTATION_COMMENTS = YES;
				CLANG_WARN_EMPTY_BODY = YES;
				CLANG_WARN_ENUM_CONVERSION = YES;
				CLANG_WARN_INFINITE_RECURSION = YES;
				CLANG_WARN_INT_CONVERSION = YES;
				CLANG_WARN_OBJC_ROOT_CLASS = YES_ERROR;
				CLANG_WARN_SUSPICIOUS_MOVE = YES;
				CLANG_WARN_UNREACHABLE_CODE = YES;
				CLANG_WARN__DUPLICATE_METHOD_MATCH = YES;
				"CODE_SIGN_IDENTITY[sdk=iphoneos*]" = "iPhone Developer";
				COPY_PHASE_STRIP = NO;
				DEBUG_INFORMATION_FORMAT = "dwarf-with-dsym";
				ENABLE_NS_ASSERTIONS = NO;
				ENABLE_STRICT_OBJC_MSGSEND = YES;
				GCC_C_LANGUAGE_STANDARD = gnu99;
				GCC_NO_COMMON_BLOCKS = YES;
				GCC_WARN_64_TO_32_BIT_CONVERSION = YES;
				GCC_WARN_ABOUT_RETURN_TYPE = YES_ERROR;
				GCC_WARN_UNDECLARED_SELECTOR = YES;
				GCC_WARN_UNINITIALIZED_AUTOS = YES_AGGRESSIVE;
				GCC_WARN_UNUSED_FUNCTION = YES;
				GCC_WARN_UNUSED_VARIABLE = YES;
				IPHONEOS_DEPLOYMENT_TARGET = 10.2;
				MTL_ENABLE_DEBUG_INFO = NO;
				SDKROOT = iphoneos;
				SWIFT_OPTIMIZATION_LEVEL = "-Owholemodule";
				VALIDATE_PRODUCT = YES;
			};
			name = Release;
		};
		307A80ED1E484993003C4749 /* Debug */ = {
			isa = XCBuildConfiguration;
			baseConfigurationReference = E808B1E56FC1E672AF8A415D /* Pods-Instagram.debug.xcconfig */;
			buildSettings = {
				ASSETCATALOG_COMPILER_APPICON_NAME = AppIcon;
				CODE_SIGN_IDENTITY = "iPhone Developer: Taihei Doi (4TN4PWMMUH)";
				"CODE_SIGN_IDENTITY[sdk=iphoneos*]" = "iPhone Developer";
				DEVELOPMENT_TEAM = V2XAW96KT6;
				FRAMEWORK_SEARCH_PATHS = (
					"$(inherited)",
					"$(PROJECT_DIR)/Instagram",
					"$(PROJECT_DIR)/Instagram/AdobeSDK",
				);
				INFOPLIST_FILE = "$(SRCROOT)/Instagram/Info.plist";
				LD_RUNPATH_SEARCH_PATHS = "$(inherited) @executable_path/Frameworks";
				PRODUCT_BUNDLE_IDENTIFIER = jp.techacademy.daihei.doi.Instagram;
				PRODUCT_NAME = "$(TARGET_NAME)";
				SWIFT_OBJC_BRIDGING_HEADER = "Instagram/Header/Instagram-Bridging-Header.h";
				SWIFT_VERSION = 3.0;
			};
			name = Debug;
		};
		307A80EE1E484993003C4749 /* Release */ = {
			isa = XCBuildConfiguration;
			baseConfigurationReference = AB1006C1DC2620374DDF3809 /* Pods-Instagram.release.xcconfig */;
			buildSettings = {
				ASSETCATALOG_COMPILER_APPICON_NAME = AppIcon;
				CODE_SIGN_IDENTITY = "iPhone Developer: Taihei Doi (4TN4PWMMUH)";
				"CODE_SIGN_IDENTITY[sdk=iphoneos*]" = "iPhone Developer";
				DEVELOPMENT_TEAM = V2XAW96KT6;
				FRAMEWORK_SEARCH_PATHS = (
					"$(inherited)",
					"$(PROJECT_DIR)/Instagram",
					"$(PROJECT_DIR)/Instagram/AdobeSDK",
				);
				INFOPLIST_FILE = "$(SRCROOT)/Instagram/Info.plist";
				LD_RUNPATH_SEARCH_PATHS = "$(inherited) @executable_path/Frameworks";
				PRODUCT_BUNDLE_IDENTIFIER = jp.techacademy.daihei.doi.Instagram;
				PRODUCT_NAME = "$(TARGET_NAME)";
				SWIFT_OBJC_BRIDGING_HEADER = "Instagram/Header/Instagram-Bridging-Header.h";
				SWIFT_VERSION = 3.0;
			};
			name = Release;
		};
/* End XCBuildConfiguration section */

/* Begin XCConfigurationList section */
		307A80D51E484993003C4749 /* Build configuration list for PBXProject "Instagram" */ = {
			isa = XCConfigurationList;
			buildConfigurations = (
				307A80EA1E484993003C4749 /* Debug */,
				307A80EB1E484993003C4749 /* Release */,
			);
			defaultConfigurationIsVisible = 0;
			defaultConfigurationName = Release;
		};
		307A80EC1E484993003C4749 /* Build configuration list for PBXNativeTarget "Instagram" */ = {
			isa = XCConfigurationList;
			buildConfigurations = (
				307A80ED1E484993003C4749 /* Debug */,
				307A80EE1E484993003C4749 /* Release */,
			);
			defaultConfigurationIsVisible = 0;
			defaultConfigurationName = Release;
		};
/* End XCConfigurationList section */
	};
	rootObject = 307A80D21E484993003C4749 /* Project object */;
}
